
Microsoft Visual Studio Solution File, Format Version 12.00
# Visual Studio Version 16
VisualStudioVersion = 16.0.33423.256
MinimumVisualStudioVersion = 10.0.40219.1
Project("{FAE04EC0-301F-11D3-BF4B-00C04F79EFBC}") = "Mission14_API", "Mission14_API.csproj", "{4732A188-6E30-48D6-AF13-E63E7860D5EA}"
EndProject
Global
	GlobalSection(SolutionConfigurationPlatforms) = preSolution
		Debug|Any CPU = Debug|Any CPU
		Release|Any CPU = Release|Any CPU
	EndGlobalSection
	GlobalSection(ProjectConfigurationPlatforms) = postSolution
		{4732A188-6E30-48D6-AF13-E63E7860D5EA}.Debug|Any CPU.ActiveCfg = Debug|Any CPU
		{4732A188-6E30-48D6-AF13-E63E7860D5EA}.Debug|Any CPU.Build.0 = Debug|Any CPU
		{4732A188-6E30-48D6-AF13-E63E7860D5EA}.Release|Any CPU.ActiveCfg = Release|Any CPU
		{4732A188-6E30-48D6-AF13-E63E7860D5EA}.Release|Any CPU.Build.0 = Release|Any CPU
	EndGlobalSection
	GlobalSection(SolutionProperties) = preSolution
		HideSolutionNode = FALSE
	EndGlobalSection
	GlobalSection(ExtensibilityGlobals) = postSolution
		SolutionGuid = {5DE119D5-F1A0-487B-B90E-F498D4FBA168}
	EndGlobalSection
EndGlobal
